
Microsoft Visual Studio Solution File, Format Version 12.00
Project("{FAE04EC0-301F-11D3-BF4B-00C04F79EFBC}") = "AlgoDes4", "AlgoDes4\AlgoDes4.csproj", "{3A21B8C5-2234-472D-A458-C3D2BF23740E}"
EndProject
Global
	GlobalSection(SolutionConfigurationPlatforms) = preSolution
		Debug|Any CPU = Debug|Any CPU
		Release|Any CPU = Release|Any CPU
	EndGlobalSection
	GlobalSection(ProjectConfigurationPlatforms) = postSolution
		{3A21B8C5-2234-472D-A458-C3D2BF23740E}.Debug|Any CPU.ActiveCfg = Debug|Any CPU
		{3A21B8C5-2234-472D-A458-C3D2BF23740E}.Debug|Any CPU.Build.0 = Debug|Any CPU
		{3A21B8C5-2234-472D-A458-C3D2BF23740E}.Release|Any CPU.ActiveCfg = Release|Any CPU
		{3A21B8C5-2234-472D-A458-C3D2BF23740E}.Release|Any CPU.Build.0 = Release|Any CPU
	EndGlobalSection
EndGlobal
